
Microsoft Visual Studio Solution File, Format Version 12.00
# Visual Studio Version 17
VisualStudioVersion = 17.11.35303.130
MinimumVisualStudioVersion = 10.0.40219.1
Project("{FAE04EC0-301F-11D3-BF4B-00C04F79EFBC}") = "PeopleProject", "PeopleProject\PeopleProject.csproj", "{317E16E3-34C1-4D20-B901-33D5F5BDF84C}"
EndProject
Project("{FAE04EC0-301F-11D3-BF4B-00C04F79EFBC}") = "TestPeopleProject", "TestPeopleProject\TestPeopleProject.csproj", "{EF3F61FF-1B38-47A5-8373-2CFC6618A59F}"
EndProject
Global
	GlobalSection(SolutionConfigurationPlatforms) = preSolution
		Debug|Any CPU = Debug|Any CPU
		Release|Any CPU = Release|Any CPU
	EndGlobalSection
	GlobalSection(ProjectConfigurationPlatforms) = postSolution
		{317E16E3-34C1-4D20-B901-33D5F5BDF84C}.Debug|Any CPU.ActiveCfg = Debug|Any CPU
		{317E16E3-34C1-4D20-B901-33D5F5BDF84C}.Debug|Any CPU.Build.0 = Debug|Any CPU
		{317E16E3-34C1-4D20-B901-33D5F5BDF84C}.Release|Any CPU.ActiveCfg = Release|Any CPU
		{317E16E3-34C1-4D20-B901-33D5F5BDF84C}.Release|Any CPU.Build.0 = Release|Any CPU
		{EF3F61FF-1B38-47A5-8373-2CFC6618A59F}.Debug|Any CPU.ActiveCfg = Debug|Any CPU
		{EF3F61FF-1B38-47A5-8373-2CFC6618A59F}.Debug|Any CPU.Build.0 = Debug|Any CPU
		{EF3F61FF-1B38-47A5-8373-2CFC6618A59F}.Release|Any CPU.ActiveCfg = Release|Any CPU
		{EF3F61FF-1B38-47A5-8373-2CFC6618A59F}.Release|Any CPU.Build.0 = Release|Any CPU
	EndGlobalSection
	GlobalSection(SolutionProperties) = preSolution
		HideSolutionNode = FALSE
	EndGlobalSection
	GlobalSection(ExtensibilityGlobals) = postSolution
		SolutionGuid = {30F8BC21-46FB-4C34-B8E7-BE883B392769}
	EndGlobalSection
EndGlobal
